// !$*UTF8*$!
{
	archiveVersion = 1;
	classes = {
	};
	objectVersion = 50;
	objects = {

/* Begin PBXBuildFile section */
		471F930420DAFB29000E06E1 /* SequenceExtension.swift in Sources */ = {isa = PBXBuildFile; fileRef = 471F930320DAFB29000E06E1 /* SequenceExtension.swift */; };
		471F930520DAFB29000E06E1 /* SequenceExtension.swift in Sources */ = {isa = PBXBuildFile; fileRef = 471F930320DAFB29000E06E1 /* SequenceExtension.swift */; };
		477B282C20D97A1600532BB9 /* AppDelegate.swift in Sources */ = {isa = PBXBuildFile; fileRef = 477B282B20D97A1600532BB9 /* AppDelegate.swift */; };
		477B282E20D97A1600532BB9 /* ArtworkCollectionViewController.swift in Sources */ = {isa = PBXBuildFile; fileRef = 477B282D20D97A1600532BB9 /* ArtworkCollectionViewController.swift */; };
		477B283120D97A1600532BB9 /* Main.storyboard in Resources */ = {isa = PBXBuildFile; fileRef = 477B282F20D97A1600532BB9 /* Main.storyboard */; };
		477B283320D97A1800532BB9 /* Assets.xcassets in Resources */ = {isa = PBXBuildFile; fileRef = 477B283220D97A1800532BB9 /* Assets.xcassets */; };
		477B283620D97A1800532BB9 /* LaunchScreen.storyboard in Resources */ = {isa = PBXBuildFile; fileRef = 477B283420D97A1800532BB9 /* LaunchScreen.storyboard */; };
		477B284120D97A1800532BB9 /* MVP_ArtworkTests.swift in Sources */ = {isa = PBXBuildFile; fileRef = 477B284020D97A1800532BB9 /* MVP_ArtworkTests.swift */; };
		477B284C20D97A8600532BB9 /* ArtworkCollectionPresenter.swift in Sources */ = {isa = PBXBuildFile; fileRef = 477B284B20D97A8600532BB9 /* ArtworkCollectionPresenter.swift */; };
		477B284D20D97A8600532BB9 /* ArtworkCollectionPresenter.swift in Sources */ = {isa = PBXBuildFile; fileRef = 477B284B20D97A8600532BB9 /* ArtworkCollectionPresenter.swift */; };
		477B287320D98D1A00532BB9 /* NetworkManager.swift in Sources */ = {isa = PBXBuildFile; fileRef = 477B286520D98D1900532BB9 /* NetworkManager.swift */; };
		477B287420D98D1A00532BB9 /* NetworkManager.swift in Sources */ = {isa = PBXBuildFile; fileRef = 477B286520D98D1900532BB9 /* NetworkManager.swift */; };
		477B287520D98D1A00532BB9 /* JSONParameterEncoder.swift in Sources */ = {isa = PBXBuildFile; fileRef = 477B286720D98D1900532BB9 /* JSONParameterEncoder.swift */; };
		477B287620D98D1A00532BB9 /* JSONParameterEncoder.swift in Sources */ = {isa = PBXBuildFile; fileRef = 477B286720D98D1900532BB9 /* JSONParameterEncoder.swift */; };
		477B287720D98D1A00532BB9 /* ParameterEncoding.swift in Sources */ = {isa = PBXBuildFile; fileRef = 477B286820D98D1900532BB9 /* ParameterEncoding.swift */; };
		477B287820D98D1A00532BB9 /* ParameterEncoding.swift in Sources */ = {isa = PBXBuildFile; fileRef = 477B286820D98D1900532BB9 /* ParameterEncoding.swift */; };
		477B287920D98D1A00532BB9 /* URLParameterEncoding.swift in Sources */ = {isa = PBXBuildFile; fileRef = 477B286920D98D1900532BB9 /* URLParameterEncoding.swift */; };
		477B287A20D98D1A00532BB9 /* URLParameterEncoding.swift in Sources */ = {isa = PBXBuildFile; fileRef = 477B286920D98D1900532BB9 /* URLParameterEncoding.swift */; };
		477B287B20D98D1A00532BB9 /* ArtworkEndPoint.swift in Sources */ = {isa = PBXBuildFile; fileRef = 477B286B20D98D1900532BB9 /* ArtworkEndPoint.swift */; };
		477B287C20D98D1A00532BB9 /* ArtworkEndPoint.swift in Sources */ = {isa = PBXBuildFile; fileRef = 477B286B20D98D1900532BB9 /* ArtworkEndPoint.swift */; };
		477B287D20D98D1A00532BB9 /* EndPointType.swift in Sources */ = {isa = PBXBuildFile; fileRef = 477B286D20D98D1A00532BB9 /* EndPointType.swift */; };
		477B287E20D98D1A00532BB9 /* EndPointType.swift in Sources */ = {isa = PBXBuildFile; fileRef = 477B286D20D98D1A00532BB9 /* EndPointType.swift */; };
		477B287F20D98D1A00532BB9 /* HTTPMethod.swift in Sources */ = {isa = PBXBuildFile; fileRef = 477B286E20D98D1A00532BB9 /* HTTPMethod.swift */; };
		477B288020D98D1A00532BB9 /* HTTPMethod.swift in Sources */ = {isa = PBXBuildFile; fileRef = 477B286E20D98D1A00532BB9 /* HTTPMethod.swift */; };
		477B288120D98D1A00532BB9 /* HTTPTask.swift in Sources */ = {isa = PBXBuildFile; fileRef = 477B286F20D98D1A00532BB9 /* HTTPTask.swift */; };
		477B288220D98D1A00532BB9 /* HTTPTask.swift in Sources */ = {isa = PBXBuildFile; fileRef = 477B286F20D98D1A00532BB9 /* HTTPTask.swift */; };
		477B288720D98D1A00532BB9 /* Router.swift in Sources */ = {isa = PBXBuildFile; fileRef = 477B287220D98D1A00532BB9 /* Router.swift */; };
		477B288820D98D1A00532BB9 /* Router.swift in Sources */ = {isa = PBXBuildFile; fileRef = 477B287220D98D1A00532BB9 /* Router.swift */; };
		477B288A20D9A6EF00532BB9 /* Artwork.swift in Sources */ = {isa = PBXBuildFile; fileRef = 477B288920D9A6EF00532BB9 /* Artwork.swift */; };
		477B288B20D9A6EF00532BB9 /* Artwork.swift in Sources */ = {isa = PBXBuildFile; fileRef = 477B288920D9A6EF00532BB9 /* Artwork.swift */; };
		477B288D20D9ABBD00532BB9 /* ArtworkModel.swift in Sources */ = {isa = PBXBuildFile; fileRef = 477B288C20D9ABBD00532BB9 /* ArtworkModel.swift */; };
		477B288E20D9ABBD00532BB9 /* ArtworkModel.swift in Sources */ = {isa = PBXBuildFile; fileRef = 477B288C20D9ABBD00532BB9 /* ArtworkModel.swift */; };
		477B289020D9AF1D00532BB9 /* NetworkLogger.swift in Sources */ = {isa = PBXBuildFile; fileRef = 477B288F20D9AF1D00532BB9 /* NetworkLogger.swift */; };
		477B289120D9AF1D00532BB9 /* NetworkLogger.swift in Sources */ = {isa = PBXBuildFile; fileRef = 477B288F20D9AF1D00532BB9 /* NetworkLogger.swift */; };
		477B289320D9C1B300532BB9 /* ImagesManager.swift in Sources */ = {isa = PBXBuildFile; fileRef = 477B289220D9C1B300532BB9 /* ImagesManager.swift */; };
		477B289420D9C1B300532BB9 /* ImagesManager.swift in Sources */ = {isa = PBXBuildFile; fileRef = 477B289220D9C1B300532BB9 /* ImagesManager.swift */; };
		477B289620D9C26E00532BB9 /* ImagesEndPoint.swift in Sources */ = {isa = PBXBuildFile; fileRef = 477B289520D9C26E00532BB9 /* ImagesEndPoint.swift */; };
		477B289720D9C26E00532BB9 /* ImagesEndPoint.swift in Sources */ = {isa = PBXBuildFile; fileRef = 477B289520D9C26E00532BB9 /* ImagesEndPoint.swift */; };
		477B28A120D9D30300532BB9 /* CollectionViewCell.xib in Resources */ = {isa = PBXBuildFile; fileRef = 477B289F20D9D30300532BB9 /* CollectionViewCell.xib */; };
		477B28A220D9D30300532BB9 /* CollectionViewCell.xib in Resources */ = {isa = PBXBuildFile; fileRef = 477B289F20D9D30300532BB9 /* CollectionViewCell.xib */; };
		477B28A320D9D30300532BB9 /* CollectionViewCell.swift in Sources */ = {isa = PBXBuildFile; fileRef = 477B28A020D9D30300532BB9 /* CollectionViewCell.swift */; };
		477B28A420D9D30300532BB9 /* CollectionViewCell.swift in Sources */ = {isa = PBXBuildFile; fileRef = 477B28A020D9D30300532BB9 /* CollectionViewCell.swift */; };
/* End PBXBuildFile section */

/* Begin PBXContainerItemProxy section */
		477B283D20D97A1800532BB9 /* PBXContainerItemProxy */ = {
			isa = PBXContainerItemProxy;
			containerPortal = 477B282020D97A1600532BB9 /* Project object */;
			proxyType = 1;
			remoteGlobalIDString = 477B282720D97A1600532BB9;
			remoteInfo = "MVP Colors";
		};
/* End PBXContainerItemProxy section */

/* Begin PBXFileReference section */
		471F930320DAFB29000E06E1 /* SequenceExtension.swift */ = {isa = PBXFileReference; lastKnownFileType = sourcecode.swift; path = SequenceExtension.swift; sourceTree = "<group>"; };
		477B282820D97A1600532BB9 /* MVP Artwork.app */ = {isa = PBXFileReference; explicitFileType = wrapper.application; includeInIndex = 0; path = "MVP Artwork.app"; sourceTree = BUILT_PRODUCTS_DIR; };
		477B282B20D97A1600532BB9 /* AppDelegate.swift */ = {isa = PBXFileReference; lastKnownFileType = sourcecode.swift; path = AppDelegate.swift; sourceTree = "<group>"; };
		477B282D20D97A1600532BB9 /* ArtworkCollectionViewController.swift */ = {isa = PBXFileReference; lastKnownFileType = sourcecode.swift; path = ArtworkCollectionViewController.swift; sourceTree = "<group>"; };
		477B283020D97A1600532BB9 /* Base */ = {isa = PBXFileReference; lastKnownFileType = file.storyboard; name = Base; path = Base.lproj/Main.storyboard; sourceTree = "<group>"; };
		477B283220D97A1800532BB9 /* Assets.xcassets */ = {isa = PBXFileReference; lastKnownFileType = folder.assetcatalog; path = Assets.xcassets; sourceTree = "<group>"; };
		477B283520D97A1800532BB9 /* Base */ = {isa = PBXFileReference; lastKnownFileType = file.storyboard; name = Base; path = Base.lproj/LaunchScreen.storyboard; sourceTree = "<group>"; };
		477B283720D97A1800532BB9 /* Info.plist */ = {isa = PBXFileReference; lastKnownFileType = text.plist.xml; path = Info.plist; sourceTree = "<group>"; };
		477B283C20D97A1800532BB9 /* MVP ArtworkTests.xctest */ = {isa = PBXFileReference; explicitFileType = wrapper.cfbundle; includeInIndex = 0; path = "MVP ArtworkTests.xctest"; sourceTree = BUILT_PRODUCTS_DIR; };
		477B284020D97A1800532BB9 /* MVP_ArtworkTests.swift */ = {isa = PBXFileReference; lastKnownFileType = sourcecode.swift; path = MVP_ArtworkTests.swift; sourceTree = "<group>"; };
		477B284220D97A1800532BB9 /* Info.plist */ = {isa = PBXFileReference; lastKnownFileType = text.plist.xml; path = Info.plist; sourceTree = "<group>"; };
		477B284B20D97A8600532BB9 /* ArtworkCollectionPresenter.swift */ = {isa = PBXFileReference; lastKnownFileType = sourcecode.swift; path = ArtworkCollectionPresenter.swift; sourceTree = "<group>"; };
		477B286520D98D1900532BB9 /* NetworkManager.swift */ = {isa = PBXFileReference; fileEncoding = 4; lastKnownFileType = sourcecode.swift; path = NetworkManager.swift; sourceTree = "<group>"; };
		477B286720D98D1900532BB9 /* JSONParameterEncoder.swift */ = {isa = PBXFileReference; fileEncoding = 4; lastKnownFileType = sourcecode.swift; path = JSONParameterEncoder.swift; sourceTree = "<group>"; };
		477B286820D98D1900532BB9 /* ParameterEncoding.swift */ = {isa = PBXFileReference; fileEncoding = 4; lastKnownFileType = sourcecode.swift; path = ParameterEncoding.swift; sourceTree = "<group>"; };
		477B286920D98D1900532BB9 /* URLParameterEncoding.swift */ = {isa = PBXFileReference; fileEncoding = 4; lastKnownFileType = sourcecode.swift; path = URLParameterEncoding.swift; sourceTree = "<group>"; };
		477B286B20D98D1900532BB9 /* ArtworkEndPoint.swift */ = {isa = PBXFileReference; fileEncoding = 4; lastKnownFileType = sourcecode.swift; path = ArtworkEndPoint.swift; sourceTree = "<group>"; };
		477B286D20D98D1A00532BB9 /* EndPointType.swift */ = {isa = PBXFileReference; fileEncoding = 4; lastKnownFileType = sourcecode.swift; path = EndPointType.swift; sourceTree = "<group>"; };
		477B286E20D98D1A00532BB9 /* HTTPMethod.swift */ = {isa = PBXFileReference; fileEncoding = 4; lastKnownFileType = sourcecode.swift; path = HTTPMethod.swift; sourceTree = "<group>"; };
		477B286F20D98D1A00532BB9 /* HTTPTask.swift */ = {isa = PBXFileReference; fileEncoding = 4; lastKnownFileType = sourcecode.swift; path = HTTPTask.swift; sourceTree = "<group>"; };
		477B287220D98D1A00532BB9 /* Router.swift */ = {isa = PBXFileReference; fileEncoding = 4; lastKnownFileType = sourcecode.swift; path = Router.swift; sourceTree = "<group>"; };
		477B288920D9A6EF00532BB9 /* Artwork.swift */ = {isa = PBXFileReference; lastKnownFileType = sourcecode.swift; path = Artwork.swift; sourceTree = "<group>"; };
		477B288C20D9ABBD00532BB9 /* ArtworkModel.swift */ = {isa = PBXFileReference; lastKnownFileType = sourcecode.swift; path = ArtworkModel.swift; sourceTree = "<group>"; };
		477B288F20D9AF1D00532BB9 /* NetworkLogger.swift */ = {isa = PBXFileReference; fileEncoding = 4; lastKnownFileType = sourcecode.swift; path = NetworkLogger.swift; sourceTree = "<group>"; };
		477B289220D9C1B300532BB9 /* ImagesManager.swift */ = {isa = PBXFileReference; lastKnownFileType = sourcecode.swift; path = ImagesManager.swift; sourceTree = "<group>"; };
		477B289520D9C26E00532BB9 /* ImagesEndPoint.swift */ = {isa = PBXFileReference; fileEncoding = 4; lastKnownFileType = sourcecode.swift; path = ImagesEndPoint.swift; sourceTree = "<group>"; };
		477B289F20D9D30300532BB9 /* CollectionViewCell.xib */ = {isa = PBXFileReference; fileEncoding = 4; lastKnownFileType = file.xib; path = CollectionViewCell.xib; sourceTree = "<group>"; };
		477B28A020D9D30300532BB9 /* CollectionViewCell.swift */ = {isa = PBXFileReference; fileEncoding = 4; lastKnownFileType = sourcecode.swift; path = CollectionViewCell.swift; sourceTree = "<group>"; };
/* End PBXFileReference section */

/* Begin PBXFrameworksBuildPhase section */
		477B282520D97A1600532BB9 /* Frameworks */ = {
			isa = PBXFrameworksBuildPhase;
			buildActionMask = 2147483647;
			files = (
			);
			runOnlyForDeploymentPostprocessing = 0;
		};
		477B283920D97A1800532BB9 /* Frameworks */ = {
			isa = PBXFrameworksBuildPhase;
			buildActionMask = 2147483647;
			files = (
			);
			runOnlyForDeploymentPostprocessing = 0;
		};
/* End PBXFrameworksBuildPhase section */

/* Begin PBXGroup section */
		477B281F20D97A1600532BB9 = {
			isa = PBXGroup;
			children = (
				477B282A20D97A1600532BB9 /* MVP Artwork */,
				477B283F20D97A1800532BB9 /* MVP ArtworkTests */,
				477B282920D97A1600532BB9 /* Products */,
			);
			sourceTree = "<group>";
		};
		477B282920D97A1600532BB9 /* Products */ = {
			isa = PBXGroup;
			children = (
				477B282820D97A1600532BB9 /* MVP Artwork.app */,
				477B283C20D97A1800532BB9 /* MVP ArtworkTests.xctest */,
			);
			name = Products;
			sourceTree = "<group>";
		};
		477B282A20D97A1600532BB9 /* MVP Artwork */ = {
			isa = PBXGroup;
			children = (
				477B28A520D9D5C600532BB9 /* ApplicationLayer */,
				477B28A620D9D5F300532BB9 /* PresentationLayer */,
				477B284E20D97B2D00532BB9 /* CoreLayer */,
				477B285220D97C3800532BB9 /* Models */,
				477B28A820D9D64D00532BB9 /* Resources */,
				477B28A720D9D63100532BB9 /* Supporting Files */,
			);
			path = "MVP Artwork";
			sourceTree = "<group>";
		};
		477B283F20D97A1800532BB9 /* MVP ArtworkTests */ = {
			isa = PBXGroup;
			children = (
				477B284020D97A1800532BB9 /* MVP_ArtworkTests.swift */,
				477B284220D97A1800532BB9 /* Info.plist */,
			);
			path = "MVP ArtworkTests";
			sourceTree = "<group>";
		};
		477B284E20D97B2D00532BB9 /* CoreLayer */ = {
			isa = PBXGroup;
			children = (
				477B286620D98D1900532BB9 /* Encoding */,
				477B286A20D98D1900532BB9 /* EndPoint */,
				477B286420D98D1900532BB9 /* Manager */,
				477B286C20D98D1A00532BB9 /* Service */,
			);
			path = CoreLayer;
			sourceTree = "<group>";
		};
		477B285220D97C3800532BB9 /* Models */ = {
			isa = PBXGroup;
			children = (
				477B288920D9A6EF00532BB9 /* Artwork.swift */,
				471F930320DAFB29000E06E1 /* SequenceExtension.swift */,
				477B288C20D9ABBD00532BB9 /* ArtworkModel.swift */,
			);
			path = Models;
			sourceTree = "<group>";
		};
		477B285320D97C4600532BB9 /* Presentors */ = {
			isa = PBXGroup;
			children = (
				477B284B20D97A8600532BB9 /* ArtworkCollectionPresenter.swift */,
			);
			name = Presentors;
			path = "New Group";
			sourceTree = "<group>";
		};
		477B285420D97C5900532BB9 /* Views */ = {
			isa = PBXGroup;
			children = (
				477B28A920D9D6EE00532BB9 /* Cells */,
				477B282D20D97A1600532BB9 /* ArtworkCollectionViewController.swift */,
			);
			path = Views;
			sourceTree = "<group>";
		};
		477B286420D98D1900532BB9 /* Manager */ = {
			isa = PBXGroup;
			children = (
				477B286520D98D1900532BB9 /* NetworkManager.swift */,
				477B289220D9C1B300532BB9 /* ImagesManager.swift */,
			);
			path = Manager;
			sourceTree = "<group>";
		};
		477B286620D98D1900532BB9 /* Encoding */ = {
			isa = PBXGroup;
			children = (
				477B286720D98D1900532BB9 /* JSONParameterEncoder.swift */,
				477B286820D98D1900532BB9 /* ParameterEncoding.swift */,
				477B286920D98D1900532BB9 /* URLParameterEncoding.swift */,
			);
			path = Encoding;
			sourceTree = "<group>";
		};
		477B286A20D98D1900532BB9 /* EndPoint */ = {
			isa = PBXGroup;
			children = (
				477B286B20D98D1900532BB9 /* ArtworkEndPoint.swift */,
				477B289520D9C26E00532BB9 /* ImagesEndPoint.swift */,
			);
			path = EndPoint;
			sourceTree = "<group>";
		};
		477B286C20D98D1A00532BB9 /* Service */ = {
			isa = PBXGroup;
			children = (
				477B286D20D98D1A00532BB9 /* EndPointType.swift */,
				477B286E20D98D1A00532BB9 /* HTTPMethod.swift */,
				477B286F20D98D1A00532BB9 /* HTTPTask.swift */,
				477B287220D98D1A00532BB9 /* Router.swift */,
				477B288F20D9AF1D00532BB9 /* NetworkLogger.swift */,
			);
			path = Service;
			sourceTree = "<group>";
		};
		477B28A520D9D5C600532BB9 /* ApplicationLayer */ = {
			isa = PBXGroup;
			children = (
				477B282B20D97A1600532BB9 /* AppDelegate.swift */,
			);
			path = ApplicationLayer;
			sourceTree = "<group>";
		};
		477B28A620D9D5F300532BB9 /* PresentationLayer */ = {
			isa = PBXGroup;
			children = (
				477B285320D97C4600532BB9 /* Presentors */,
				477B285420D97C5900532BB9 /* Views */,
			);
			path = PresentationLayer;
			sourceTree = "<group>";
		};
		477B28A720D9D63100532BB9 /* Supporting Files */ = {
			isa = PBXGroup;
			children = (
				477B282F20D97A1600532BB9 /* Main.storyboard */,
				477B283420D97A1800532BB9 /* LaunchScreen.storyboard */,
				477B283720D97A1800532BB9 /* Info.plist */,
			);
			path = "Supporting Files";
			sourceTree = "<group>";
		};
		477B28A820D9D64D00532BB9 /* Resources */ = {
			isa = PBXGroup;
			children = (
				477B283220D97A1800532BB9 /* Assets.xcassets */,
			);
			path = Resources;
			sourceTree = "<group>";
		};
		477B28A920D9D6EE00532BB9 /* Cells */ = {
			isa = PBXGroup;
			children = (
				477B28A020D9D30300532BB9 /* CollectionViewCell.swift */,
				477B289F20D9D30300532BB9 /* CollectionViewCell.xib */,
			);
			path = Cells;
			sourceTree = "<group>";
		};
/* End PBXGroup section */

/* Begin PBXNativeTarget section */
		477B282720D97A1600532BB9 /* MVP Artwork */ = {
			isa = PBXNativeTarget;
			buildConfigurationList = 477B284520D97A1800532BB9 /* Build configuration list for PBXNativeTarget "MVP Artwork" */;
			buildPhases = (
				477B282420D97A1600532BB9 /* Sources */,
				477B282520D97A1600532BB9 /* Frameworks */,
				477B282620D97A1600532BB9 /* Resources */,
			);
			buildRules = (
			);
			dependencies = (
			);
			name = "MVP Artwork";
			productName = "MVP Colors";
			productReference = 477B282820D97A1600532BB9 /* MVP Artwork.app */;
			productType = "com.apple.product-type.application";
		};
		477B283B20D97A1800532BB9 /* MVP ArtworkTests */ = {
			isa = PBXNativeTarget;
			buildConfigurationList = 477B284820D97A1800532BB9 /* Build configuration list for PBXNativeTarget "MVP ArtworkTests" */;
			buildPhases = (
				477B283820D97A1800532BB9 /* Sources */,
				477B283920D97A1800532BB9 /* Frameworks */,
				477B283A20D97A1800532BB9 /* Resources */,
			);
			buildRules = (
			);
			dependencies = (
				477B283E20D97A1800532BB9 /* PBXTargetDependency */,
			);
			name = "MVP ArtworkTests";
			productName = "MVP ColorsTests";
			productReference = 477B283C20D97A1800532BB9 /* MVP ArtworkTests.xctest */;
			productType = "com.apple.product-type.bundle.unit-test";
		};
/* End PBXNativeTarget section */

/* Begin PBXProject section */
		477B282020D97A1600532BB9 /* Project object */ = {
			isa = PBXProject;
			attributes = {
				LastSwiftUpdateCheck = 0940;
				LastUpgradeCheck = 0940;
				ORGANIZATIONNAME = "Zhenia Pasko";
				TargetAttributes = {
					477B282720D97A1600532BB9 = {
						CreatedOnToolsVersion = 9.4.1;
					};
					477B283B20D97A1800532BB9 = {
						CreatedOnToolsVersion = 9.4.1;
						TestTargetID = 477B282720D97A1600532BB9;
					};
				};
			};
			buildConfigurationList = 477B282320D97A1600532BB9 /* Build configuration list for PBXProject "MVP Artwork" */;
			compatibilityVersion = "Xcode 9.3";
			developmentRegion = en;
			hasScannedForEncodings = 0;
			knownRegions = (
				en,
				Base,
			);
			mainGroup = 477B281F20D97A1600532BB9;
			productRefGroup = 477B282920D97A1600532BB9 /* Products */;
			projectDirPath = "";
			projectRoot = "";
			targets = (
				477B282720D97A1600532BB9 /* MVP Artwork */,
				477B283B20D97A1800532BB9 /* MVP ArtworkTests */,
			);
		};
/* End PBXProject section */

/* Begin PBXResourcesBuildPhase section */
		477B282620D97A1600532BB9 /* Resources */ = {
			isa = PBXResourcesBuildPhase;
			buildActionMask = 2147483647;
			files = (
				477B283620D97A1800532BB9 /* LaunchScreen.storyboard in Resources */,
				477B283320D97A1800532BB9 /* Assets.xcassets in Resources */,
				477B28A120D9D30300532BB9 /* CollectionViewCell.xib in Resources */,
				477B283120D97A1600532BB9 /* Main.storyboard in Resources */,
			);
			runOnlyForDeploymentPostprocessing = 0;
		};
		477B283A20D97A1800532BB9 /* Resources */ = {
			isa = PBXResourcesBuildPhase;
			buildActionMask = 2147483647;
			files = (
				477B28A220D9D30300532BB9 /* CollectionViewCell.xib in Resources */,
			);
			runOnlyForDeploymentPostprocessing = 0;
		};
/* End PBXResourcesBuildPhase section */

/* Begin PBXSourcesBuildPhase section */
		477B282420D97A1600532BB9 /* Sources */ = {
			isa = PBXSourcesBuildPhase;
			buildActionMask = 2147483647;
			files = (
				477B289020D9AF1D00532BB9 /* NetworkLogger.swift in Sources */,
				477B287320D98D1A00532BB9 /* NetworkManager.swift in Sources */,
				477B28A320D9D30300532BB9 /* CollectionViewCell.swift in Sources */,
				477B284C20D97A8600532BB9 /* ArtworkCollectionPresenter.swift in Sources */,
				477B287720D98D1A00532BB9 /* ParameterEncoding.swift in Sources */,
				477B288D20D9ABBD00532BB9 /* ArtworkModel.swift in Sources */,
				477B282E20D97A1600532BB9 /* ArtworkCollectionViewController.swift in Sources */,
				477B288120D98D1A00532BB9 /* HTTPTask.swift in Sources */,
				477B288720D98D1A00532BB9 /* Router.swift in Sources */,
				477B287D20D98D1A00532BB9 /* EndPointType.swift in Sources */,
				477B289620D9C26E00532BB9 /* ImagesEndPoint.swift in Sources */,
				477B282C20D97A1600532BB9 /* AppDelegate.swift in Sources */,
				477B287520D98D1A00532BB9 /* JSONParameterEncoder.swift in Sources */,
				477B288A20D9A6EF00532BB9 /* Artwork.swift in Sources */,
				471F930420DAFB29000E06E1 /* SequenceExtension.swift in Sources */,
				477B287F20D98D1A00532BB9 /* HTTPMethod.swift in Sources */,
				477B287920D98D1A00532BB9 /* URLParameterEncoding.swift in Sources */,
				477B287B20D98D1A00532BB9 /* ArtworkEndPoint.swift in Sources */,
				477B289320D9C1B300532BB9 /* ImagesManager.swift in Sources */,
			);
			runOnlyForDeploymentPostprocessing = 0;
		};
		477B283820D97A1800532BB9 /* Sources */ = {
			isa = PBXSourcesBuildPhase;
			buildActionMask = 2147483647;
			files = (
				471F930520DAFB29000E06E1 /* SequenceExtension.swift in Sources */,
				477B289120D9AF1D00532BB9 /* NetworkLogger.swift in Sources */,
				477B288220D98D1A00532BB9 /* HTTPTask.swift in Sources */,
				477B28A420D9D30300532BB9 /* CollectionViewCell.swift in Sources */,
				477B287A20D98D1A00532BB9 /* URLParameterEncoding.swift in Sources */,
				477B288B20D9A6EF00532BB9 /* Artwork.swift in Sources */,
				477B287820D98D1A00532BB9 /* ParameterEncoding.swift in Sources */,
				477B288020D98D1A00532BB9 /* HTTPMethod.swift in Sources */,
				477B289720D9C26E00532BB9 /* ImagesEndPoint.swift in Sources */,
				477B289420D9C1B300532BB9 /* ImagesManager.swift in Sources */,
				477B284D20D97A8600532BB9 /* ArtworkCollectionPresenter.swift in Sources */,
				477B288820D98D1A00532BB9 /* Router.swift in Sources */,
				477B287620D98D1A00532BB9 /* JSONParameterEncoder.swift in Sources */,
				477B287420D98D1A00532BB9 /* NetworkManager.swift in Sources */,
				477B288E20D9ABBD00532BB9 /* ArtworkModel.swift in Sources */,
				477B284120D97A1800532BB9 /* MVP_ArtworkTests.swift in Sources */,
				477B287E20D98D1A00532BB9 /* EndPointType.swift in Sources */,
				477B287C20D98D1A00532BB9 /* ArtworkEndPoint.swift in Sources */,
			);
			runOnlyForDeploymentPostprocessing = 0;
		};
/* End PBXSourcesBuildPhase section */

/* Begin PBXTargetDependency section */
		477B283E20D97A1800532BB9 /* PBXTargetDependency */ = {
			isa = PBXTargetDependency;
			target = 477B282720D97A1600532BB9 /* MVP Artwork */;
			targetProxy = 477B283D20D97A1800532BB9 /* PBXContainerItemProxy */;
		};
/* End PBXTargetDependency section */

/* Begin PBXVariantGroup section */
		477B282F20D97A1600532BB9 /* Main.storyboard */ = {
			isa = PBXVariantGroup;
			children = (
				477B283020D97A1600532BB9 /* Base */,
			);
			name = Main.storyboard;
			sourceTree = "<group>";
		};
		477B283420D97A1800532BB9 /* LaunchScreen.storyboard */ = {
			isa = PBXVariantGroup;
			children = (
				477B283520D97A1800532BB9 /* Base */,
			);
			name = LaunchScreen.storyboard;
			sourceTree = "<group>";
		};
/* End PBXVariantGroup section */

/* Begin XCBuildConfiguration section */
		477B284320D97A1800532BB9 /* Debug */ = {
			isa = XCBuildConfiguration;
			buildSettings = {
				ALWAYS_SEARCH_USER_PATHS = NO;
				CLANG_ANALYZER_NONNULL = YES;
				CLANG_ANALYZER_NUMBER_OBJECT_CONVERSION = YES_AGGRESSIVE;
				CLANG_CXX_LANGUAGE_STANDARD = "gnu++14";
				CLANG_CXX_LIBRARY = "libc++";
				CLANG_ENABLE_MODULES = YES;
				CLANG_ENABLE_OBJC_ARC = YES;
				CLANG_ENABLE_OBJC_WEAK = YES;
				CLANG_WARN_BLOCK_CAPTURE_AUTORELEASING = YES;
				CLANG_WARN_BOOL_CONVERSION = YES;
				CLANG_WARN_COMMA = YES;
				CLANG_WARN_CONSTANT_CONVERSION = YES;
				CLANG_WARN_DEPRECATED_OBJC_IMPLEMENTATIONS = YES;
				CLANG_WARN_DIRECT_OBJC_ISA_USAGE = YES_ERROR;
				CLANG_WARN_DOCUMENTATION_COMMENTS = YES;
				CLANG_WARN_EMPTY_BODY = YES;
				CLANG_WARN_ENUM_CONVERSION = YES;
				CLANG_WARN_INFINITE_RECURSION = YES;
				CLANG_WARN_INT_CONVERSION = YES;
				CLANG_WARN_NON_LITERAL_NULL_CONVERSION = YES;
				CLANG_WARN_OBJC_IMPLICIT_RETAIN_SELF = YES;
				CLANG_WARN_OBJC_LITERAL_CONVERSION = YES;
				CLANG_WARN_OBJC_ROOT_CLASS = YES_ERROR;
				CLANG_WARN_RANGE_LOOP_ANALYSIS = YES;
				CLANG_WARN_STRICT_PROTOTYPES = YES;
				CLANG_WARN_SUSPICIOUS_MOVE = YES;
				CLANG_WARN_UNGUARDED_AVAILABILITY = YES_AGGRESSIVE;
				CLANG_WARN_UNREACHABLE_CODE = YES;
				CLANG_WARN__DUPLICATE_METHOD_MATCH = YES;
				CODE_SIGN_IDENTITY = "iPhone Developer";
				COPY_PHASE_STRIP = NO;
				DEBUG_INFORMATION_FORMAT = dwarf;
				ENABLE_STRICT_OBJC_MSGSEND = YES;
				ENABLE_TESTABILITY = YES;
				GCC_C_LANGUAGE_STANDARD = gnu11;
				GCC_DYNAMIC_NO_PIC = NO;
				GCC_NO_COMMON_BLOCKS = YES;
				GCC_OPTIMIZATION_LEVEL = 0;
				GCC_PREPROCESSOR_DEFINITIONS = (
					"DEBUG=1",
					"$(inherited)",
				);
				GCC_WARN_64_TO_32_BIT_CONVERSION = YES;
				GCC_WARN_ABOUT_RETURN_TYPE = YES_ERROR;
				GCC_WARN_UNDECLARED_SELECTOR = YES;
				GCC_WARN_UNINITIALIZED_AUTOS = YES_AGGRESSIVE;
				GCC_WARN_UNUSED_FUNCTION = YES;
				GCC_WARN_UNUSED_VARIABLE = YES;
				IPHONEOS_DEPLOYMENT_TARGET = 11.4;
				MTL_ENABLE_DEBUG_INFO = YES;
				ONLY_ACTIVE_ARCH = YES;
				SDKROOT = iphoneos;
				SWIFT_ACTIVE_COMPILATION_CONDITIONS = DEBUG;
				SWIFT_OPTIMIZATION_LEVEL = "-Onone";
			};
			name = Debug;
		};
		477B284420D97A1800532BB9 /* Release */ = {
			isa = XCBuildConfiguration;
			buildSettings = {
				ALWAYS_SEARCH_USER_PATHS = NO;
				CLANG_ANALYZER_NONNULL = YES;
				CLANG_ANALYZER_NUMBER_OBJECT_CONVERSION = YES_AGGRESSIVE;
				CLANG_CXX_LANGUAGE_STANDARD = "gnu++14";
				CLANG_CXX_LIBRARY = "libc++";
				CLANG_ENABLE_MODULES = YES;
				CLANG_ENABLE_OBJC_ARC = YES;
				CLANG_ENABLE_OBJC_WEAK = YES;
				CLANG_WARN_BLOCK_CAPTURE_AUTORELEASING = YES;
				CLANG_WARN_BOOL_CONVERSION = YES;
				CLANG_WARN_COMMA = YES;
				CLANG_WARN_CONSTANT_CONVERSION = YES;
				CLANG_WARN_DEPRECATED_OBJC_IMPLEMENTATIONS = YES;
				CLANG_WARN_DIRECT_OBJC_ISA_USAGE = YES_ERROR;
				CLANG_WARN_DOCUMENTATION_COMMENTS = YES;
				CLANG_WARN_EMPTY_BODY = YES;
				CLANG_WARN_ENUM_CONVERSION = YES;
				CLANG_WARN_INFINITE_RECURSION = YES;
				CLANG_WARN_INT_CONVERSION = YES;
				CLANG_WARN_NON_LITERAL_NULL_CONVERSION = YES;
				CLANG_WARN_OBJC_IMPLICIT_RETAIN_SELF = YES;
				CLANG_WARN_OBJC_LITERAL_CONVERSION = YES;
				CLANG_WARN_OBJC_ROOT_CLASS = YES_ERROR;
				CLANG_WARN_RANGE_LOOP_ANALYSIS = YES;
				CLANG_WARN_STRICT_PROTOTYPES = YES;
				CLANG_WARN_SUSPICIOUS_MOVE = YES;
				CLANG_WARN_UNGUARDED_AVAILABILITY = YES_AGGRESSIVE;
				CLANG_WARN_UNREACHABLE_CODE = YES;
				CLANG_WARN__DUPLICATE_METHOD_MATCH = YES;
				CODE_SIGN_IDENTITY = "iPhone Developer";
				COPY_PHASE_STRIP = NO;
				DEBUG_INFORMATION_FORMAT = "dwarf-with-dsym";
				ENABLE_NS_ASSERTIONS = NO;
				ENABLE_STRICT_OBJC_MSGSEND = YES;
				GCC_C_LANGUAGE_STANDARD = gnu11;
				GCC_NO_COMMON_BLOCKS = YES;
				GCC_WARN_64_TO_32_BIT_CONVERSION = YES;
				GCC_WARN_ABOUT_RETURN_TYPE = YES_ERROR;
				GCC_WARN_UNDECLARED_SELECTOR = YES;
				GCC_WARN_UNINITIALIZED_AUTOS = YES_AGGRESSIVE;
				GCC_WARN_UNUSED_FUNCTION = YES;
				GCC_WARN_UNUSED_VARIABLE = YES;
				IPHONEOS_DEPLOYMENT_TARGET = 11.4;
				MTL_ENABLE_DEBUG_INFO = NO;
				SDKROOT = iphoneos;
				SWIFT_COMPILATION_MODE = wholemodule;
				SWIFT_OPTIMIZATION_LEVEL = "-O";
				VALIDATE_PRODUCT = YES;
			};
			name = Release;
		};
		477B284620D97A1800532BB9 /* Debug */ = {
			isa = XCBuildConfiguration;
			buildSettings = {
				ASSETCATALOG_COMPILER_APPICON_NAME = AppIcon;
				CODE_SIGN_STYLE = Automatic;
				DEVELOPMENT_TEAM = ZS64M736MH;
				INFOPLIST_FILE = "$(SRCROOT)/MVP Artwork/Supporting Files/Info.plist";
				LD_RUNPATH_SEARCH_PATHS = (
					"$(inherited)",
					"@executable_path/Frameworks",
				);
				PRODUCT_BUNDLE_IDENTIFIER = "yevgeniiP.MVP-Artwork";
				PRODUCT_NAME = "$(TARGET_NAME)";
				SWIFT_VERSION = 4.0;
				TARGETED_DEVICE_FAMILY = "1,2";
			};
			name = Debug;
		};
		477B284720D97A1800532BB9 /* Release */ = {
			isa = XCBuildConfiguration;
			buildSettings = {
				ASSETCATALOG_COMPILER_APPICON_NAME = AppIcon;
				CODE_SIGN_STYLE = Automatic;
				DEVELOPMENT_TEAM = ZS64M736MH;
				INFOPLIST_FILE = "$(SRCROOT)/MVP Artwork/Supporting Files/Info.plist";
				LD_RUNPATH_SEARCH_PATHS = (
					"$(inherited)",
					"@executable_path/Frameworks",
				);
				PRODUCT_BUNDLE_IDENTIFIER = "yevgeniiP.MVP-Artwork";
				PRODUCT_NAME = "$(TARGET_NAME)";
				SWIFT_VERSION = 4.0;
				TARGETED_DEVICE_FAMILY = "1,2";
			};
			name = Release;
		};
		477B284920D97A1800532BB9 /* Debug */ = {
			isa = XCBuildConfiguration;
			buildSettings = {
				ALWAYS_EMBED_SWIFT_STANDARD_LIBRARIES = YES;
				BUNDLE_LOADER = "$(TEST_HOST)";
				CODE_SIGN_STYLE = Automatic;
				DEVELOPMENT_TEAM = ZS64M736MH;
				INFOPLIST_FILE = "MVP ArtworkTests/Info.plist";
				LD_RUNPATH_SEARCH_PATHS = (
					"$(inherited)",
					"@executable_path/Frameworks",
					"@loader_path/Frameworks",
				);
				PRODUCT_BUNDLE_IDENTIFIER = "yevgeniiP.MVP-ColorsTests";
				PRODUCT_NAME = "$(TARGET_NAME)";
				SWIFT_VERSION = 4.0;
				TARGETED_DEVICE_FAMILY = "1,2";
				TEST_HOST = "$(BUILT_PRODUCTS_DIR)/MVP Artwork.app/MVP Artwork";
			};
			name = Debug;
		};
		477B284A20D97A1800532BB9 /* Release */ = {
			isa = XCBuildConfiguration;
			buildSettings = {
				ALWAYS_EMBED_SWIFT_STANDARD_LIBRARIES = YES;
				BUNDLE_LOADER = "$(TEST_HOST)";
				CODE_SIGN_STYLE = Automatic;
				DEVELOPMENT_TEAM = ZS64M736MH;
				INFOPLIST_FILE = "MVP ArtworkTests/Info.plist";
				LD_RUNPATH_SEARCH_PATHS = (
					"$(inherited)",
					"@executable_path/Frameworks",
					"@loader_path/Frameworks",
				);
				PRODUCT_BUNDLE_IDENTIFIER = "yevgeniiP.MVP-ColorsTests";
				PRODUCT_NAME = "$(TARGET_NAME)";
				SWIFT_VERSION = 4.0;
				TARGETED_DEVICE_FAMILY = "1,2";
				TEST_HOST = "$(BUILT_PRODUCTS_DIR)/MVP Artwork.app/MVP Artwork";
			};
			name = Release;
		};
/* End XCBuildConfiguration section */

/* Begin XCConfigurationList section */
		477B282320D97A1600532BB9 /* Build configuration list for PBXProject "MVP Artwork" */ = {
			isa = XCConfigurationList;
			buildConfigurations = (
				477B284320D97A1800532BB9 /* Debug */,
				477B284420D97A1800532BB9 /* Release */,
			);
			defaultConfigurationIsVisible = 0;
			defaultConfigurationName = Release;
		};
		477B284520D97A1800532BB9 /* Build configuration list for PBXNativeTarget "MVP Artwork" */ = {
			isa = XCConfigurationList;
			buildConfigurations = (
				477B284620D97A1800532BB9 /* Debug */,
				477B284720D97A1800532BB9 /* Release */,
			);
			defaultConfigurationIsVisible = 0;
			defaultConfigurationName = Release;
		};
		477B284820D97A1800532BB9 /* Build configuration list for PBXNativeTarget "MVP ArtworkTests" */ = {
			isa = XCConfigurationList;
			buildConfigurations = (
				477B284920D97A1800532BB9 /* Debug */,
				477B284A20D97A1800532BB9 /* Release */,
			);
			defaultConfigurationIsVisible = 0;
			defaultConfigurationName = Release;
		};
/* End XCConfigurationList section */
	};
	rootObject = 477B282020D97A1600532BB9 /* Project object */;
}
